// !$*UTF8*$!
{
	archiveVersion = 1;
	classes = {
	};
	objectVersion = 46;
	objects = {

/* Begin PBXBuildFile section */
		EF0806991F0D79380084B4EA /* HomeViewController.swift in Sources */ = {isa = PBXBuildFile; fileRef = EF0806981F0D79380084B4EA /* HomeViewController.swift */; };
		EF08069B1F0D79520084B4EA /* DiscoverViewController.swift in Sources */ = {isa = PBXBuildFile; fileRef = EF08069A1F0D79520084B4EA /* DiscoverViewController.swift */; };
		EF08069D1F0D79640084B4EA /* CameraViewController.swift in Sources */ = {isa = PBXBuildFile; fileRef = EF08069C1F0D79640084B4EA /* CameraViewController.swift */; };
		EF08069F1F0D79770084B4EA /* ActivityViewController.swift in Sources */ = {isa = PBXBuildFile; fileRef = EF08069E1F0D79770084B4EA /* ActivityViewController.swift */; };
		EF0806A11F0D79830084B4EA /* ProfileViewController.swift in Sources */ = {isa = PBXBuildFile; fileRef = EF0806A01F0D79830084B4EA /* ProfileViewController.swift */; };
		EF0806A31F0D80050084B4EA /* Main.storyboard in Resources */ = {isa = PBXBuildFile; fileRef = EF0806A21F0D80050084B4EA /* Main.storyboard */; };
		EF0806A71F0D83A40084B4EA /* Home.storyboard in Resources */ = {isa = PBXBuildFile; fileRef = EF0806A61F0D83A40084B4EA /* Home.storyboard */; };
		EF0806A91F0D84000084B4EA /* Discovey.storyboard in Resources */ = {isa = PBXBuildFile; fileRef = EF0806A81F0D84000084B4EA /* Discovey.storyboard */; };
		EF0806AB1F0D84590084B4EA /* Camera.storyboard in Resources */ = {isa = PBXBuildFile; fileRef = EF0806AA1F0D84590084B4EA /* Camera.storyboard */; };
		EF0806AD1F0D84B90084B4EA /* Activity.storyboard in Resources */ = {isa = PBXBuildFile; fileRef = EF0806AC1F0D84B90084B4EA /* Activity.storyboard */; };
		EF0806AF1F0D85280084B4EA /* Profile.storyboard in Resources */ = {isa = PBXBuildFile; fileRef = EF0806AE1F0D85280084B4EA /* Profile.storyboard */; };
		EF8990C11F0D51E700290667 /* AppDelegate.swift in Sources */ = {isa = PBXBuildFile; fileRef = EF8990C01F0D51E700290667 /* AppDelegate.swift */; };
		EF8990C81F0D51E700290667 /* Assets.xcassets in Resources */ = {isa = PBXBuildFile; fileRef = EF8990C71F0D51E700290667 /* Assets.xcassets */; };
		EF8990CB1F0D51E700290667 /* LaunchScreen.storyboard in Resources */ = {isa = PBXBuildFile; fileRef = EF8990C91F0D51E700290667 /* LaunchScreen.storyboard */; };
		EF8990D31F0D548000290667 /* Start.storyboard in Resources */ = {isa = PBXBuildFile; fileRef = EF8990D21F0D548000290667 /* Start.storyboard */; };
		EF8990D51F0D55E800290667 /* SignInViewController.swift in Sources */ = {isa = PBXBuildFile; fileRef = EF8990D41F0D55E800290667 /* SignInViewController.swift */; };
		EF8990D71F0D5B8600290667 /* SignUpViewController.swift in Sources */ = {isa = PBXBuildFile; fileRef = EF8990D61F0D5B8600290667 /* SignUpViewController.swift */; };
/* End PBXBuildFile section */

/* Begin PBXFileReference section */
		EF0806981F0D79380084B4EA /* HomeViewController.swift */ = {isa = PBXFileReference; fileEncoding = 4; lastKnownFileType = sourcecode.swift; path = HomeViewController.swift; sourceTree = "<group>"; };
		EF08069A1F0D79520084B4EA /* DiscoverViewController.swift */ = {isa = PBXFileReference; fileEncoding = 4; lastKnownFileType = sourcecode.swift; path = DiscoverViewController.swift; sourceTree = "<group>"; };
		EF08069C1F0D79640084B4EA /* CameraViewController.swift */ = {isa = PBXFileReference; fileEncoding = 4; lastKnownFileType = sourcecode.swift; path = CameraViewController.swift; sourceTree = "<group>"; };
		EF08069E1F0D79770084B4EA /* ActivityViewController.swift */ = {isa = PBXFileReference; fileEncoding = 4; lastKnownFileType = sourcecode.swift; path = ActivityViewController.swift; sourceTree = "<group>"; };
		EF0806A01F0D79830084B4EA /* ProfileViewController.swift */ = {isa = PBXFileReference; fileEncoding = 4; lastKnownFileType = sourcecode.swift; path = ProfileViewController.swift; sourceTree = "<group>"; };
		EF0806A21F0D80050084B4EA /* Main.storyboard */ = {isa = PBXFileReference; fileEncoding = 4; lastKnownFileType = file.storyboard; path = Main.storyboard; sourceTree = SOURCE_ROOT; };
		EF0806A61F0D83A40084B4EA /* Home.storyboard */ = {isa = PBXFileReference; fileEncoding = 4; lastKnownFileType = file.storyboard; path = Home.storyboard; sourceTree = SOURCE_ROOT; };
		EF0806A81F0D84000084B4EA /* Discovey.storyboard */ = {isa = PBXFileReference; fileEncoding = 4; lastKnownFileType = file.storyboard; path = Discovey.storyboard; sourceTree = "<group>"; };
		EF0806AA1F0D84590084B4EA /* Camera.storyboard */ = {isa = PBXFileReference; fileEncoding = 4; lastKnownFileType = file.storyboard; path = Camera.storyboard; sourceTree = SOURCE_ROOT; };
		EF0806AC1F0D84B90084B4EA /* Activity.storyboard */ = {isa = PBXFileReference; fileEncoding = 4; lastKnownFileType = file.storyboard; path = Activity.storyboard; sourceTree = "<group>"; };
		EF0806AE1F0D85280084B4EA /* Profile.storyboard */ = {isa = PBXFileReference; fileEncoding = 4; lastKnownFileType = file.storyboard; path = Profile.storyboard; sourceTree = SOURCE_ROOT; };
		EF8990BD1F0D51E700290667 /* Instagram.app */ = {isa = PBXFileReference; explicitFileType = wrapper.application; includeInIndex = 0; path = Instagram.app; sourceTree = BUILT_PRODUCTS_DIR; };
		EF8990C01F0D51E700290667 /* AppDelegate.swift */ = {isa = PBXFileReference; lastKnownFileType = sourcecode.swift; path = AppDelegate.swift; sourceTree = "<group>"; };
		EF8990C71F0D51E700290667 /* Assets.xcassets */ = {isa = PBXFileReference; lastKnownFileType = folder.assetcatalog; path = Assets.xcassets; sourceTree = "<group>"; };
		EF8990CA1F0D51E700290667 /* Base */ = {isa = PBXFileReference; lastKnownFileType = file.storyboard; name = Base; path = Base.lproj/LaunchScreen.storyboard; sourceTree = "<group>"; };
		EF8990CC1F0D51E700290667 /* Info.plist */ = {isa = PBXFileReference; lastKnownFileType = text.plist.xml; path = Info.plist; sourceTree = "<group>"; };
		EF8990D21F0D548000290667 /* Start.storyboard */ = {isa = PBXFileReference; fileEncoding = 4; lastKnownFileType = file.storyboard; name = Start.storyboard; path = ../Start.storyboard; sourceTree = "<group>"; };
		EF8990D41F0D55E800290667 /* SignInViewController.swift */ = {isa = PBXFileReference; fileEncoding = 4; lastKnownFileType = sourcecode.swift; path = SignInViewController.swift; sourceTree = "<group>"; };
		EF8990D61F0D5B8600290667 /* SignUpViewController.swift */ = {isa = PBXFileReference; fileEncoding = 4; lastKnownFileType = sourcecode.swift; path = SignUpViewController.swift; sourceTree = "<group>"; };
/* End PBXFileReference section */

/* Begin PBXFrameworksBuildPhase section */
		EF8990BA1F0D51E700290667 /* Frameworks */ = {
			isa = PBXFrameworksBuildPhase;
			buildActionMask = 2147483647;
			files = (
			);
			runOnlyForDeploymentPostprocessing = 0;
		};
/* End PBXFrameworksBuildPhase section */

/* Begin PBXGroup section */
		EF8990B41F0D51E700290667 = {
			isa = PBXGroup;
			children = (
				EF8990BF1F0D51E700290667 /* Instagram */,
				EF8990BE1F0D51E700290667 /* Products */,
			);
			sourceTree = "<group>";
		};
		EF8990BE1F0D51E700290667 /* Products */ = {
			isa = PBXGroup;
			children = (
				EF8990BD1F0D51E700290667 /* Instagram.app */,
			);
			name = Products;
			sourceTree = "<group>";
		};
		EF8990BF1F0D51E700290667 /* Instagram */ = {
			isa = PBXGroup;
			children = (
				EF8990C01F0D51E700290667 /* AppDelegate.swift */,
				EF0806A01F0D79830084B4EA /* ProfileViewController.swift */,
				EF08069E1F0D79770084B4EA /* ActivityViewController.swift */,
				EF08069C1F0D79640084B4EA /* CameraViewController.swift */,
				EF08069A1F0D79520084B4EA /* DiscoverViewController.swift */,
				EF8990D61F0D5B8600290667 /* SignUpViewController.swift */,
				EF8990D41F0D55E800290667 /* SignInViewController.swift */,
				EF0806981F0D79380084B4EA /* HomeViewController.swift */,
				EF8990D21F0D548000290667 /* Start.storyboard */,
				EF0806A21F0D80050084B4EA /* Main.storyboard */,
				EF0806AE1F0D85280084B4EA /* Profile.storyboard */,
				EF0806AC1F0D84B90084B4EA /* Activity.storyboard */,
				EF0806AA1F0D84590084B4EA /* Camera.storyboard */,
				EF0806A81F0D84000084B4EA /* Discovey.storyboard */,
				EF0806A61F0D83A40084B4EA /* Home.storyboard */,
				EF8990C71F0D51E700290667 /* Assets.xcassets */,
				EF8990C91F0D51E700290667 /* LaunchScreen.storyboard */,
				EF8990CC1F0D51E700290667 /* Info.plist */,
			);
			path = Instagram;
			sourceTree = "<group>";
		};
/* End PBXGroup section */

/* Begin PBXNativeTarget section */
		EF8990BC1F0D51E700290667 /* Instagram */ = {
			isa = PBXNativeTarget;
			buildConfigurationList = EF8990CF1F0D51E700290667 /* Build configuration list for PBXNativeTarget "Instagram" */;
			buildPhases = (
				EF8990B91F0D51E700290667 /* Sources */,
				EF8990BA1F0D51E700290667 /* Frameworks */,
				EF8990BB1F0D51E700290667 /* Resources */,
			);
			buildRules = (
			);
			dependencies = (
			);
			name = Instagram;
			productName = Instagram;
			productReference = EF8990BD1F0D51E700290667 /* Instagram.app */;
			productType = "com.apple.product-type.application";
		};
/* End PBXNativeTarget section */

/* Begin PBXProject section */
		EF8990B51F0D51E700290667 /* Project object */ = {
			isa = PBXProject;
			attributes = {
				LastSwiftUpdateCheck = 0830;
				LastUpgradeCheck = 0830;
				ORGANIZATIONNAME = "Chilly Bean";
				TargetAttributes = {
					EF8990BC1F0D51E700290667 = {
						CreatedOnToolsVersion = 8.3.2;
						ProvisioningStyle = Automatic;
					};
				};
			};
			buildConfigurationList = EF8990B81F0D51E700290667 /* Build configuration list for PBXProject "Instagram" */;
			compatibilityVersion = "Xcode 3.2";
			developmentRegion = English;
			hasScannedForEncodings = 0;
			knownRegions = (
				en,
				Base,
			);
			mainGroup = EF8990B41F0D51E700290667;
			productRefGroup = EF8990BE1F0D51E700290667 /* Products */;
			projectDirPath = "";
			projectRoot = "";
			targets = (
				EF8990BC1F0D51E700290667 /* Instagram */,
			);
		};
/* End PBXProject section */

/* Begin PBXResourcesBuildPhase section */
		EF8990BB1F0D51E700290667 /* Resources */ = {
			isa = PBXResourcesBuildPhase;
			buildActionMask = 2147483647;
			files = (
				EF0806A91F0D84000084B4EA /* Discovey.storyboard in Resources */,
				EF0806AB1F0D84590084B4EA /* Camera.storyboard in Resources */,
				EF8990CB1F0D51E700290667 /* LaunchScreen.storyboard in Resources */,
				EF0806A71F0D83A40084B4EA /* Home.storyboard in Resources */,
				EF8990D31F0D548000290667 /* Start.storyboard in Resources */,
				EF8990C81F0D51E700290667 /* Assets.xcassets in Resources */,
				EF0806AF1F0D85280084B4EA /* Profile.storyboard in Resources */,
				EF0806A31F0D80050084B4EA /* Main.storyboard in Resources */,
				EF0806AD1F0D84B90084B4EA /* Activity.storyboard in Resources */,
			);
			runOnlyForDeploymentPostprocessing = 0;
		};
/* End PBXResourcesBuildPhase section */

/* Begin PBXSourcesBuildPhase section */
		EF8990B91F0D51E700290667 /* Sources */ = {
			isa = PBXSourcesBuildPhase;
			buildActionMask = 2147483647;
			files = (
				EF8990D71F0D5B8600290667 /* SignUpViewController.swift in Sources */,
				EF8990D51F0D55E800290667 /* SignInViewController.swift in Sources */,
				EF8990C11F0D51E700290667 /* AppDelegate.swift in Sources */,
				EF0806991F0D79380084B4EA /* HomeViewController.swift in Sources */,
				EF08069F1F0D79770084B4EA /* ActivityViewController.swift in Sources */,
				EF08069B1F0D79520084B4EA /* DiscoverViewController.swift in Sources */,
				EF0806A11F0D79830084B4EA /* ProfileViewController.swift in Sources */,
				EF08069D1F0D79640084B4EA /* CameraViewController.swift in Sources */,
			);
			runOnlyForDeploymentPostprocessing = 0;
		};
/* End PBXSourcesBuildPhase section */

/* Begin PBXVariantGroup section */
		EF8990C91F0D51E700290667 /* LaunchScreen.storyboard */ = {
			isa = PBXVariantGroup;
			children = (
				EF8990CA1F0D51E700290667 /* Base */,
			);
			name = LaunchScreen.storyboard;
			sourceTree = "<group>";
		};
/* End PBXVariantGroup section */

/* Begin XCBuildConfiguration section */
		EF8990CD1F0D51E700290667 /* Debug */ = {
			isa = XCBuildConfiguration;
			buildSettings = {
				ALWAYS_SEARCH_USER_PATHS = NO;
				CLANG_ANALYZER_NONNULL = YES;
				CLANG_ANALYZER_NUMBER_OBJECT_CONVERSION = YES_AGGRESSIVE;
				CLANG_CXX_LANGUAGE_STANDARD = "gnu++0x";
				CLANG_CXX_LIBRARY = "libc++";
				CLANG_ENABLE_MODULES = YES;
				CLANG_ENABLE_OBJC_ARC = YES;
				CLANG_WARN_BOOL_CONVERSION = YES;
				CLANG_WARN_CONSTANT_CONVERSION = YES;
				CLANG_WARN_DIRECT_OBJC_ISA_USAGE = YES_ERROR;
				CLANG_WARN_DOCUMENTATION_COMMENTS = YES;
				CLANG_WARN_EMPTY_BODY = YES;
				CLANG_WARN_ENUM_CONVERSION = YES;
				CLANG_WARN_INFINITE_RECURSION = YES;
				CLANG_WARN_INT_CONVERSION = YES;
				CLANG_WARN_OBJC_ROOT_CLASS = YES_ERROR;
				CLANG_WARN_SUSPICIOUS_MOVE = YES;
				CLANG_WARN_UNREACHABLE_CODE = YES;
				CLANG_WARN__DUPLICATE_METHOD_MATCH = YES;
				"CODE_SIGN_IDENTITY[sdk=iphoneos*]" = "iPhone Developer";
				COPY_PHASE_STRIP = NO;
				DEBUG_INFORMATION_FORMAT = dwarf;
				ENABLE_STRICT_OBJC_MSGSEND = YES;
				ENABLE_TESTABILITY = YES;
				GCC_C_LANGUAGE_STANDARD = gnu99;
				GCC_DYNAMIC_NO_PIC = NO;
				GCC_NO_COMMON_BLOCKS = YES;
				GCC_OPTIMIZATION_LEVEL = 0;
				GCC_PREPROCESSOR_DEFINITIONS = (
					"DEBUG=1",
					"$(inherited)",
				);
				GCC_WARN_64_TO_32_BIT_CONVERSION = YES;
				GCC_WARN_ABOUT_RETURN_TYPE = YES_ERROR;
				GCC_WARN_UNDECLARED_SELECTOR = YES;
				GCC_WARN_UNINITIALIZED_AUTOS = YES_AGGRESSIVE;
				GCC_WARN_UNUSED_FUNCTION = YES;
				GCC_WARN_UNUSED_VARIABLE = YES;
				IPHONEOS_DEPLOYMENT_TARGET = 10.3;
				MTL_ENABLE_DEBUG_INFO = YES;
				ONLY_ACTIVE_ARCH = YES;
				SDKROOT = iphoneos;
				SWIFT_ACTIVE_COMPILATION_CONDITIONS = DEBUG;
				SWIFT_OPTIMIZATION_LEVEL = "-Onone";
			};
			name = Debug;
		};
		EF8990CE1F0D51E700290667 /* Release */ = {
			isa = XCBuildConfiguration;
			buildSettings = {
				ALWAYS_SEARCH_USER_PATHS = NO;
				CLANG_ANALYZER_NONNULL = YES;
				CLANG_ANALYZER_NUMBER_OBJECT_CONVERSION = YES_AGGRESSIVE;
				CLANG_CXX_LANGUAGE_STANDARD = "gnu++0x";
				CLANG_CXX_LIBRARY = "libc++";
				CLANG_ENABLE_MODULES = YES;
				CLANG_ENABLE_OBJC_ARC = YES;
				CLANG_WARN_BOOL_CONVERSION = YES;
				CLANG_WARN_CONSTANT_CONVERSION = YES;
				CLANG_WARN_DIRECT_OBJC_ISA_USAGE = YES_ERROR;
				CLANG_WARN_DOCUMENTATION_COMMENTS = YES;
				CLANG_WARN_EMPTY_BODY = YES;
				CLANG_WARN_ENUM_CONVERSION = YES;
				CLANG_WARN_INFINITE_RECURSION = YES;
				CLANG_WARN_INT_CONVERSION = YES;
				CLANG_WARN_OBJC_ROOT_CLASS = YES_ERROR;
				CLANG_WARN_SUSPICIOUS_MOVE = YES;
				CLANG_WARN_UNREACHABLE_CODE = YES;
				CLANG_WARN__DUPLICATE_METHOD_MATCH = YES;
				"CODE_SIGN_IDENTITY[sdk=iphoneos*]" = "iPhone Developer";
				COPY_PHASE_STRIP = NO;
				DEBUG_INFORMATION_FORMAT = "dwarf-with-dsym";
				ENABLE_NS_ASSERTIONS = NO;
				ENABLE_STRICT_OBJC_MSGSEND = YES;
				GCC_C_LANGUAGE_STANDARD = gnu99;
				GCC_NO_COMMON_BLOCKS = YES;
				GCC_WARN_64_TO_32_BIT_CONVERSION = YES;
				GCC_WARN_ABOUT_RETURN_TYPE = YES_ERROR;
				GCC_WARN_UNDECLARED_SELECTOR = YES;
				GCC_WARN_UNINITIALIZED_AUTOS = YES_AGGRESSIVE;
				GCC_WARN_UNUSED_FUNCTION = YES;
				GCC_WARN_UNUSED_VARIABLE = YES;
				IPHONEOS_DEPLOYMENT_TARGET = 10.3;
				MTL_ENABLE_DEBUG_INFO = NO;
				SDKROOT = iphoneos;
				SWIFT_OPTIMIZATION_LEVEL = "-Owholemodule";
				VALIDATE_PRODUCT = YES;
			};
			name = Release;
		};
		EF8990D01F0D51E700290667 /* Debug */ = {
			isa = XCBuildConfiguration;
			buildSettings = {
				ASSETCATALOG_COMPILER_APPICON_NAME = AppIcon;
				INFOPLIST_FILE = Instagram/Info.plist;
				LD_RUNPATH_SEARCH_PATHS = "$(inherited) @executable_path/Frameworks";
				PRODUCT_BUNDLE_IDENTIFIER = com.gmail.chidiemeh184.Instagram;
				PRODUCT_NAME = "$(TARGET_NAME)";
				SWIFT_VERSION = 3.0;
			};
			name = Debug;
		};
		EF8990D11F0D51E700290667 /* Release */ = {
			isa = XCBuildConfiguration;
			buildSettings = {
				ASSETCATALOG_COMPILER_APPICON_NAME = AppIcon;
				INFOPLIST_FILE = Instagram/Info.plist;
				LD_RUNPATH_SEARCH_PATHS = "$(inherited) @executable_path/Frameworks";
				PRODUCT_BUNDLE_IDENTIFIER = com.gmail.chidiemeh184.Instagram;
				PRODUCT_NAME = "$(TARGET_NAME)";
				SWIFT_VERSION = 3.0;
			};
			name = Release;
		};
/* End XCBuildConfiguration section */

/* Begin XCConfigurationList section */
		EF8990B81F0D51E700290667 /* Build configuration list for PBXProject "Instagram" */ = {
			isa = XCConfigurationList;
			buildConfigurations = (
				EF8990CD1F0D51E700290667 /* Debug */,
				EF8990CE1F0D51E700290667 /* Release */,
			);
			defaultConfigurationIsVisible = 0;
			defaultConfigurationName = Release;
		};
		EF8990CF1F0D51E700290667 /* Build configuration list for PBXNativeTarget "Instagram" */ = {
			isa = XCConfigurationList;
			buildConfigurations = (
				EF8990D01F0D51E700290667 /* Debug */,
				EF8990D11F0D51E700290667 /* Release */,
			);
			defaultConfigurationIsVisible = 0;
			defaultConfigurationName = Release;
		};
/* End XCConfigurationList section */
	};
	rootObject = EF8990B51F0D51E700290667 /* Project object */;
}
